// !$*UTF8*$!
{
	archiveVersion = 1;
	classes = {
	};
	objectVersion = 50;
	objects = {

/* Begin PBXBuildFile section */
		2C45DCA4213D7D9E0041BA68 /* AppDelegate.m in Sources */ = {isa = PBXBuildFile; fileRef = 2C45DCA3213D7D9E0041BA68 /* AppDelegate.m */; };
		2C45DCA7213D7D9E0041BA68 /* ViewController.m in Sources */ = {isa = PBXBuildFile; fileRef = 2C45DCA6213D7D9E0041BA68 /* ViewController.m */; };
		2C45DCAA213D7D9E0041BA68 /* Main.storyboard in Resources */ = {isa = PBXBuildFile; fileRef = 2C45DCA8213D7D9E0041BA68 /* Main.storyboard */; };
		2C45DCAC213D7D9F0041BA68 /* Assets.xcassets in Resources */ = {isa = PBXBuildFile; fileRef = 2C45DCAB213D7D9F0041BA68 /* Assets.xcassets */; };
		2C45DCAF213D7D9F0041BA68 /* LaunchScreen.storyboard in Resources */ = {isa = PBXBuildFile; fileRef = 2C45DCAD213D7D9F0041BA68 /* LaunchScreen.storyboard */; };
		2C45DCB2213D7D9F0041BA68 /* main.m in Sources */ = {isa = PBXBuildFile; fileRef = 2C45DCB1213D7D9F0041BA68 /* main.m */; };
		2C45DCBB213D7F240041BA68 /* MIContext.m in Sources */ = {isa = PBXBuildFile; fileRef = 2C45DCBA213D7F240041BA68 /* MIContext.m */; };
		2C9A4F03215F157C00957171 /* MIDefaultFilter.metal in Sources */ = {isa = PBXBuildFile; fileRef = 2C9A4F02215F157C00957171 /* MIDefaultFilter.metal */; };
		2C9A4F08215F1D1F00957171 /* MIView.m in Sources */ = {isa = PBXBuildFile; fileRef = 2C9A4F07215F1D1F00957171 /* MIView.m */; };
		2C9A4F0D215F228200957171 /* MIVideoCaptor.m in Sources */ = {isa = PBXBuildFile; fileRef = 2C9A4F0C215F228200957171 /* MIVideoCaptor.m */; };
		2CA40ADB215DCA6700209AD0 /* MIProducer.m in Sources */ = {isa = PBXBuildFile; fileRef = 2CA40ADA215DCA6700209AD0 /* MIProducer.m */; };
		2CA40ADF215E05B800209AD0 /* MIFilter.m in Sources */ = {isa = PBXBuildFile; fileRef = 2CA40ADE215E05B800209AD0 /* MIFilter.m */; };
		2CE4B88821401380008D6F8E /* MITexture.m in Sources */ = {isa = PBXBuildFile; fileRef = 2CE4B88721401380008D6F8E /* MITexture.m */; };
		2CFC02452163175C001C379E /* MIHueFilter.metal in Sources */ = {isa = PBXBuildFile; fileRef = 2CFC02432163175C001C379E /* MIHueFilter.metal */; };
		2CFC02462163175C001C379E /* MISaturationFilter.metal in Sources */ = {isa = PBXBuildFile; fileRef = 2CFC02442163175C001C379E /* MISaturationFilter.metal */; };
		2CFC027D21631CFA001C379E /* MIHueFilter.m in Sources */ = {isa = PBXBuildFile; fileRef = 2CFC027C21631CFA001C379E /* MIHueFilter.m */; };
		2CFC0280216324F5001C379E /* MISaturationFilter.m in Sources */ = {isa = PBXBuildFile; fileRef = 2CFC027F216324F5001C379E /* MISaturationFilter.m */; };
/* End PBXBuildFile section */

/* Begin PBXFileReference section */
		2C45DC9F213D7D9D0041BA68 /* MetalImage.app */ = {isa = PBXFileReference; explicitFileType = wrapper.application; includeInIndex = 0; path = MetalImage.app; sourceTree = BUILT_PRODUCTS_DIR; };
		2C45DCA2213D7D9E0041BA68 /* AppDelegate.h */ = {isa = PBXFileReference; lastKnownFileType = sourcecode.c.h; path = AppDelegate.h; sourceTree = "<group>"; };
		2C45DCA3213D7D9E0041BA68 /* AppDelegate.m */ = {isa = PBXFileReference; lastKnownFileType = sourcecode.c.objc; path = AppDelegate.m; sourceTree = "<group>"; };
		2C45DCA5213D7D9E0041BA68 /* ViewController.h */ = {isa = PBXFileReference; lastKnownFileType = sourcecode.c.h; path = ViewController.h; sourceTree = "<group>"; };
		2C45DCA6213D7D9E0041BA68 /* ViewController.m */ = {isa = PBXFileReference; lastKnownFileType = sourcecode.c.objc; path = ViewController.m; sourceTree = "<group>"; };
		2C45DCA9213D7D9E0041BA68 /* Base */ = {isa = PBXFileReference; lastKnownFileType = file.storyboard; name = Base; path = Base.lproj/Main.storyboard; sourceTree = "<group>"; };
		2C45DCAB213D7D9F0041BA68 /* Assets.xcassets */ = {isa = PBXFileReference; lastKnownFileType = folder.assetcatalog; path = Assets.xcassets; sourceTree = "<group>"; };
		2C45DCAE213D7D9F0041BA68 /* Base */ = {isa = PBXFileReference; lastKnownFileType = file.storyboard; name = Base; path = Base.lproj/LaunchScreen.storyboard; sourceTree = "<group>"; };
		2C45DCB0213D7D9F0041BA68 /* Info.plist */ = {isa = PBXFileReference; lastKnownFileType = text.plist.xml; path = Info.plist; sourceTree = "<group>"; };
		2C45DCB1213D7D9F0041BA68 /* main.m */ = {isa = PBXFileReference; lastKnownFileType = sourcecode.c.objc; path = main.m; sourceTree = "<group>"; };
		2C45DCB9213D7F240041BA68 /* MIContext.h */ = {isa = PBXFileReference; lastKnownFileType = sourcecode.c.h; path = MIContext.h; sourceTree = "<group>"; };
		2C45DCBA213D7F240041BA68 /* MIContext.m */ = {isa = PBXFileReference; lastKnownFileType = sourcecode.c.objc; path = MIContext.m; sourceTree = "<group>"; };
		2C87A898213E759E00E13A0E /* MIConsumer.h */ = {isa = PBXFileReference; lastKnownFileType = sourcecode.c.h; path = MIConsumer.h; sourceTree = "<group>"; };
		2C9A4F02215F157C00957171 /* MIDefaultFilter.metal */ = {isa = PBXFileReference; lastKnownFileType = sourcecode.metal; path = MIDefaultFilter.metal; sourceTree = "<group>"; };
		2C9A4F06215F1D1F00957171 /* MIView.h */ = {isa = PBXFileReference; lastKnownFileType = sourcecode.c.h; path = MIView.h; sourceTree = "<group>"; };
		2C9A4F07215F1D1F00957171 /* MIView.m */ = {isa = PBXFileReference; lastKnownFileType = sourcecode.c.objc; path = MIView.m; sourceTree = "<group>"; };
		2C9A4F0B215F228200957171 /* MIVideoCaptor.h */ = {isa = PBXFileReference; lastKnownFileType = sourcecode.c.h; path = MIVideoCaptor.h; sourceTree = "<group>"; };
		2C9A4F0C215F228200957171 /* MIVideoCaptor.m */ = {isa = PBXFileReference; lastKnownFileType = sourcecode.c.objc; path = MIVideoCaptor.m; sourceTree = "<group>"; };
		2CA40AD9215DCA6700209AD0 /* MIProducer.h */ = {isa = PBXFileReference; lastKnownFileType = sourcecode.c.h; path = MIProducer.h; sourceTree = "<group>"; };
		2CA40ADA215DCA6700209AD0 /* MIProducer.m */ = {isa = PBXFileReference; lastKnownFileType = sourcecode.c.objc; path = MIProducer.m; sourceTree = "<group>"; };
		2CA40ADD215E05B800209AD0 /* MIFilter.h */ = {isa = PBXFileReference; lastKnownFileType = sourcecode.c.h; path = MIFilter.h; sourceTree = "<group>"; };
		2CA40ADE215E05B800209AD0 /* MIFilter.m */ = {isa = PBXFileReference; lastKnownFileType = sourcecode.c.objc; path = MIFilter.m; sourceTree = "<group>"; };
		2CE4B88621401380008D6F8E /* MITexture.h */ = {isa = PBXFileReference; lastKnownFileType = sourcecode.c.h; path = MITexture.h; sourceTree = "<group>"; };
		2CE4B88721401380008D6F8E /* MITexture.m */ = {isa = PBXFileReference; lastKnownFileType = sourcecode.c.objc; path = MITexture.m; sourceTree = "<group>"; };
		2CFC02432163175C001C379E /* MIHueFilter.metal */ = {isa = PBXFileReference; fileEncoding = 4; lastKnownFileType = sourcecode.metal; path = MIHueFilter.metal; sourceTree = "<group>"; };
		2CFC02442163175C001C379E /* MISaturationFilter.metal */ = {isa = PBXFileReference; fileEncoding = 4; lastKnownFileType = sourcecode.metal; path = MISaturationFilter.metal; sourceTree = "<group>"; };
		2CFC026421631A68001C379E /* MIMetalShaderHeader.h */ = {isa = PBXFileReference; lastKnownFileType = sourcecode.c.h; path = MIMetalShaderHeader.h; sourceTree = "<group>"; };
		2CFC027B21631CFA001C379E /* MIHueFilter.h */ = {isa = PBXFileReference; lastKnownFileType = sourcecode.c.h; path = MIHueFilter.h; sourceTree = "<group>"; };
		2CFC027C21631CFA001C379E /* MIHueFilter.m */ = {isa = PBXFileReference; lastKnownFileType = sourcecode.c.objc; path = MIHueFilter.m; sourceTree = "<group>"; };
		2CFC027E216324F5001C379E /* MISaturationFilter.h */ = {isa = PBXFileReference; lastKnownFileType = sourcecode.c.h; path = MISaturationFilter.h; sourceTree = "<group>"; };
		2CFC027F216324F5001C379E /* MISaturationFilter.m */ = {isa = PBXFileReference; lastKnownFileType = sourcecode.c.objc; path = MISaturationFilter.m; sourceTree = "<group>"; };
/* End PBXFileReference section */

/* Begin PBXFrameworksBuildPhase section */
		2C45DC9C213D7D9D0041BA68 /* Frameworks */ = {
			isa = PBXFrameworksBuildPhase;
			buildActionMask = 2147483647;
			files = (
			);
			runOnlyForDeploymentPostprocessing = 0;
		};
/* End PBXFrameworksBuildPhase section */

/* Begin PBXGroup section */
		2C45DC96213D7D9D0041BA68 = {
			isa = PBXGroup;
			children = (
				2C45DCA1213D7D9D0041BA68 /* MetalImage */,
				2C45DCA0213D7D9D0041BA68 /* Products */,
			);
			sourceTree = "<group>";
		};
		2C45DCA0213D7D9D0041BA68 /* Products */ = {
			isa = PBXGroup;
			children = (
				2C45DC9F213D7D9D0041BA68 /* MetalImage.app */,
			);
			name = Products;
			sourceTree = "<group>";
		};
		2C45DCA1213D7D9D0041BA68 /* MetalImage */ = {
			isa = PBXGroup;
			children = (
				2CFC028121632864001C379E /* Example */,
				2C45DCBC213D7F9F0041BA68 /* MetalLibrary */,
			);
			path = MetalImage;
			sourceTree = "<group>";
		};
		2C45DCB8213D7DA30041BA68 /* BaseClasses */ = {
			isa = PBXGroup;
			children = (
				2C45DCB9213D7F240041BA68 /* MIContext.h */,
				2C45DCBA213D7F240041BA68 /* MIContext.m */,
				2C87A898213E759E00E13A0E /* MIConsumer.h */,
				2CE4B88621401380008D6F8E /* MITexture.h */,
				2CE4B88721401380008D6F8E /* MITexture.m */,
				2CA40AD9215DCA6700209AD0 /* MIProducer.h */,
				2CA40ADA215DCA6700209AD0 /* MIProducer.m */,
			);
			path = BaseClasses;
			sourceTree = "<group>";
		};
		2C45DCBC213D7F9F0041BA68 /* MetalLibrary */ = {
			isa = PBXGroup;
			children = (
				2C9A4F0A215F1F7600957171 /* Producers */,
				2C9A4F05215F1C6A00957171 /* Consumers */,
				2C9A4F01215F154B00957171 /* Shaders */,
				2CA40ADC215E057400209AD0 /* Filters */,
				2C45DCB8213D7DA30041BA68 /* BaseClasses */,
			);
			path = MetalLibrary;
			sourceTree = "<group>";
		};
		2C9A4F01215F154B00957171 /* Shaders */ = {
			isa = PBXGroup;
			children = (
				2CFC026421631A68001C379E /* MIMetalShaderHeader.h */,
				2C9A4F02215F157C00957171 /* MIDefaultFilter.metal */,
				2CFC02432163175C001C379E /* MIHueFilter.metal */,
				2CFC02442163175C001C379E /* MISaturationFilter.metal */,
			);
			path = Shaders;
			sourceTree = "<group>";
		};
		2C9A4F05215F1C6A00957171 /* Consumers */ = {
			isa = PBXGroup;
			children = (
				2C9A4F06215F1D1F00957171 /* MIView.h */,
				2C9A4F07215F1D1F00957171 /* MIView.m */,
			);
			path = Consumers;
			sourceTree = "<group>";
		};
		2C9A4F0A215F1F7600957171 /* Producers */ = {
			isa = PBXGroup;
			children = (
				2C9A4F0B215F228200957171 /* MIVideoCaptor.h */,
				2C9A4F0C215F228200957171 /* MIVideoCaptor.m */,
			);
			path = Producers;
			sourceTree = "<group>";
		};
		2CA40ADC215E057400209AD0 /* Filters */ = {
			isa = PBXGroup;
			children = (
				2CFC027A21631CE2001C379E /* Color Processing */,
				2CA40ADD215E05B800209AD0 /* MIFilter.h */,
				2CA40ADE215E05B800209AD0 /* MIFilter.m */,
			);
			path = Filters;
			sourceTree = "<group>";
		};
		2CFC027A21631CE2001C379E /* Color Processing */ = {
			isa = PBXGroup;
			children = (
				2CFC027B21631CFA001C379E /* MIHueFilter.h */,
				2CFC027C21631CFA001C379E /* MIHueFilter.m */,
				2CFC027E216324F5001C379E /* MISaturationFilter.h */,
				2CFC027F216324F5001C379E /* MISaturationFilter.m */,
			);
			path = "Color Processing";
			sourceTree = "<group>";
		};
		2CFC028121632864001C379E /* Example */ = {
			isa = PBXGroup;
			children = (
				2C45DCA2213D7D9E0041BA68 /* AppDelegate.h */,
				2C45DCA3213D7D9E0041BA68 /* AppDelegate.m */,
				2C45DCA5213D7D9E0041BA68 /* ViewController.h */,
				2C45DCA6213D7D9E0041BA68 /* ViewController.m */,
				2C45DCA8213D7D9E0041BA68 /* Main.storyboard */,
				2C45DCAB213D7D9F0041BA68 /* Assets.xcassets */,
				2C45DCAD213D7D9F0041BA68 /* LaunchScreen.storyboard */,
				2C45DCB0213D7D9F0041BA68 /* Info.plist */,
				2C45DCB1213D7D9F0041BA68 /* main.m */,
			);
			path = Example;
			sourceTree = "<group>";
		};
/* End PBXGroup section */

/* Begin PBXNativeTarget section */
		2C45DC9E213D7D9D0041BA68 /* MetalImage */ = {
			isa = PBXNativeTarget;
			buildConfigurationList = 2C45DCB5213D7D9F0041BA68 /* Build configuration list for PBXNativeTarget "MetalImage" */;
			buildPhases = (
				2C45DC9B213D7D9D0041BA68 /* Sources */,
				2C45DC9C213D7D9D0041BA68 /* Frameworks */,
				2C45DC9D213D7D9D0041BA68 /* Resources */,
			);
			buildRules = (
			);
			dependencies = (
			);
			name = MetalImage;
			productName = MetalImage;
			productReference = 2C45DC9F213D7D9D0041BA68 /* MetalImage.app */;
			productType = "com.apple.product-type.application";
		};
/* End PBXNativeTarget section */

/* Begin PBXProject section */
		2C45DC97213D7D9D0041BA68 /* Project object */ = {
			isa = PBXProject;
			attributes = {
				LastUpgradeCheck = 0940;
				ORGANIZATIONNAME = Sylar;
				TargetAttributes = {
					2C45DC9E213D7D9D0041BA68 = {
						CreatedOnToolsVersion = 9.4.1;
					};
				};
			};
			buildConfigurationList = 2C45DC9A213D7D9D0041BA68 /* Build configuration list for PBXProject "MetalImage" */;
			compatibilityVersion = "Xcode 9.3";
			developmentRegion = en;
			hasScannedForEncodings = 0;
			knownRegions = (
				en,
				Base,
			);
			mainGroup = 2C45DC96213D7D9D0041BA68;
			productRefGroup = 2C45DCA0213D7D9D0041BA68 /* Products */;
			projectDirPath = "";
			projectRoot = "";
			targets = (
				2C45DC9E213D7D9D0041BA68 /* MetalImage */,
			);
		};
/* End PBXProject section */

/* Begin PBXResourcesBuildPhase section */
		2C45DC9D213D7D9D0041BA68 /* Resources */ = {
			isa = PBXResourcesBuildPhase;
			buildActionMask = 2147483647;
			files = (
				2C45DCAF213D7D9F0041BA68 /* LaunchScreen.storyboard in Resources */,
				2C45DCAC213D7D9F0041BA68 /* Assets.xcassets in Resources */,
				2C45DCAA213D7D9E0041BA68 /* Main.storyboard in Resources */,
			);
			runOnlyForDeploymentPostprocessing = 0;
		};
/* End PBXResourcesBuildPhase section */

/* Begin PBXSourcesBuildPhase section */
		2C45DC9B213D7D9D0041BA68 /* Sources */ = {
			isa = PBXSourcesBuildPhase;
			buildActionMask = 2147483647;
			files = (
				2CFC027D21631CFA001C379E /* MIHueFilter.m in Sources */,
				2C45DCA7213D7D9E0041BA68 /* ViewController.m in Sources */,
				2C45DCBB213D7F240041BA68 /* MIContext.m in Sources */,
				2C9A4F08215F1D1F00957171 /* MIView.m in Sources */,
				2CE4B88821401380008D6F8E /* MITexture.m in Sources */,
				2CA40ADB215DCA6700209AD0 /* MIProducer.m in Sources */,
				2CA40ADF215E05B800209AD0 /* MIFilter.m in Sources */,
				2C9A4F0D215F228200957171 /* MIVideoCaptor.m in Sources */,
				2C45DCB2213D7D9F0041BA68 /* main.m in Sources */,
				2C45DCA4213D7D9E0041BA68 /* AppDelegate.m in Sources */,
				2C9A4F03215F157C00957171 /* MIDefaultFilter.metal in Sources */,
				2CFC02452163175C001C379E /* MIHueFilter.metal in Sources */,
				2CFC02462163175C001C379E /* MISaturationFilter.metal in Sources */,
				2CFC0280216324F5001C379E /* MISaturationFilter.m in Sources */,
			);
			runOnlyForDeploymentPostprocessing = 0;
		};
/* End PBXSourcesBuildPhase section */

/* Begin PBXVariantGroup section */
		2C45DCA8213D7D9E0041BA68 /* Main.storyboard */ = {
			isa = PBXVariantGroup;
			children = (
				2C45DCA9213D7D9E0041BA68 /* Base */,
			);
			name = Main.storyboard;
			sourceTree = "<group>";
		};
		2C45DCAD213D7D9F0041BA68 /* LaunchScreen.storyboard */ = {
			isa = PBXVariantGroup;
			children = (
				2C45DCAE213D7D9F0041BA68 /* Base */,
			);
			name = LaunchScreen.storyboard;
			sourceTree = "<group>";
		};
/* End PBXVariantGroup section */

/* Begin XCBuildConfiguration section */
		2C45DCB3213D7D9F0041BA68 /* Debug */ = {
			isa = XCBuildConfiguration;
			buildSettings = {
				ALWAYS_SEARCH_USER_PATHS = NO;
				CLANG_ANALYZER_NONNULL = YES;
				CLANG_ANALYZER_NUMBER_OBJECT_CONVERSION = YES_AGGRESSIVE;
				CLANG_CXX_LANGUAGE_STANDARD = "gnu++14";
				CLANG_CXX_LIBRARY = "libc++";
				CLANG_ENABLE_MODULES = YES;
				CLANG_ENABLE_OBJC_ARC = YES;
				CLANG_ENABLE_OBJC_WEAK = YES;
				CLANG_WARN_BLOCK_CAPTURE_AUTORELEASING = YES;
				CLANG_WARN_BOOL_CONVERSION = YES;
				CLANG_WARN_COMMA = YES;
				CLANG_WARN_CONSTANT_CONVERSION = YES;
				CLANG_WARN_DEPRECATED_OBJC_IMPLEMENTATIONS = YES;
				CLANG_WARN_DIRECT_OBJC_ISA_USAGE = YES_ERROR;
				CLANG_WARN_DOCUMENTATION_COMMENTS = YES;
				CLANG_WARN_EMPTY_BODY = YES;
				CLANG_WARN_ENUM_CONVERSION = YES;
				CLANG_WARN_INFINITE_RECURSION = YES;
				CLANG_WARN_INT_CONVERSION = YES;
				CLANG_WARN_NON_LITERAL_NULL_CONVERSION = YES;
				CLANG_WARN_OBJC_IMPLICIT_RETAIN_SELF = YES;
				CLANG_WARN_OBJC_LITERAL_CONVERSION = YES;
				CLANG_WARN_OBJC_ROOT_CLASS = YES_ERROR;
				CLANG_WARN_RANGE_LOOP_ANALYSIS = YES;
				CLANG_WARN_STRICT_PROTOTYPES = YES;
				CLANG_WARN_SUSPICIOUS_MOVE = YES;
				CLANG_WARN_UNGUARDED_AVAILABILITY = YES_AGGRESSIVE;
				CLANG_WARN_UNREACHABLE_CODE = YES;
				CLANG_WARN__DUPLICATE_METHOD_MATCH = YES;
				CODE_SIGN_IDENTITY = "iPhone Developer";
				COPY_PHASE_STRIP = NO;
				DEBUG_INFORMATION_FORMAT = dwarf;
				ENABLE_STRICT_OBJC_MSGSEND = YES;
				ENABLE_TESTABILITY = YES;
				GCC_C_LANGUAGE_STANDARD = gnu11;
				GCC_DYNAMIC_NO_PIC = NO;
				GCC_NO_COMMON_BLOCKS = YES;
				GCC_OPTIMIZATION_LEVEL = 0;
				GCC_PREPROCESSOR_DEFINITIONS = (
					"DEBUG=1",
					"$(inherited)",
				);
				GCC_WARN_64_TO_32_BIT_CONVERSION = YES;
				GCC_WARN_ABOUT_RETURN_TYPE = YES_ERROR;
				GCC_WARN_UNDECLARED_SELECTOR = YES;
				GCC_WARN_UNINITIALIZED_AUTOS = YES_AGGRESSIVE;
				GCC_WARN_UNUSED_FUNCTION = YES;
				GCC_WARN_UNUSED_VARIABLE = YES;
				IPHONEOS_DEPLOYMENT_TARGET = 11.4;
				MTL_ENABLE_DEBUG_INFO = YES;
				ONLY_ACTIVE_ARCH = YES;
				SDKROOT = iphoneos;
			};
			name = Debug;
		};
		2C45DCB4213D7D9F0041BA68 /* Release */ = {
			isa = XCBuildConfiguration;
			buildSettings = {
				ALWAYS_SEARCH_USER_PATHS = NO;
				CLANG_ANALYZER_NONNULL = YES;
				CLANG_ANALYZER_NUMBER_OBJECT_CONVERSION = YES_AGGRESSIVE;
				CLANG_CXX_LANGUAGE_STANDARD = "gnu++14";
				CLANG_CXX_LIBRARY = "libc++";
				CLANG_ENABLE_MODULES = YES;
				CLANG_ENABLE_OBJC_ARC = YES;
				CLANG_ENABLE_OBJC_WEAK = YES;
				CLANG_WARN_BLOCK_CAPTURE_AUTORELEASING = YES;
				CLANG_WARN_BOOL_CONVERSION = YES;
				CLANG_WARN_COMMA = YES;
				CLANG_WARN_CONSTANT_CONVERSION = YES;
				CLANG_WARN_DEPRECATED_OBJC_IMPLEMENTATIONS = YES;
				CLANG_WARN_DIRECT_OBJC_ISA_USAGE = YES_ERROR;
				CLANG_WARN_DOCUMENTATION_COMMENTS = YES;
				CLANG_WARN_EMPTY_BODY = YES;
				CLANG_WARN_ENUM_CONVERSION = YES;
				CLANG_WARN_INFINITE_RECURSION = YES;
				CLANG_WARN_INT_CONVERSION = YES;
				CLANG_WARN_NON_LITERAL_NULL_CONVERSION = YES;
				CLANG_WARN_OBJC_IMPLICIT_RETAIN_SELF = YES;
				CLANG_WARN_OBJC_LITERAL_CONVERSION = YES;
				CLANG_WARN_OBJC_ROOT_CLASS = YES_ERROR;
				CLANG_WARN_RANGE_LOOP_ANALYSIS = YES;
				CLANG_WARN_STRICT_PROTOTYPES = YES;
				CLANG_WARN_SUSPICIOUS_MOVE = YES;
				CLANG_WARN_UNGUARDED_AVAILABILITY = YES_AGGRESSIVE;
				CLANG_WARN_UNREACHABLE_CODE = YES;
				CLANG_WARN__DUPLICATE_METHOD_MATCH = YES;
				CODE_SIGN_IDENTITY = "iPhone Developer";
				COPY_PHASE_STRIP = NO;
				DEBUG_INFORMATION_FORMAT = "dwarf-with-dsym";
				ENABLE_NS_ASSERTIONS = NO;
				ENABLE_STRICT_OBJC_MSGSEND = YES;
				GCC_C_LANGUAGE_STANDARD = gnu11;
				GCC_NO_COMMON_BLOCKS = YES;
				GCC_WARN_64_TO_32_BIT_CONVERSION = YES;
				GCC_WARN_ABOUT_RETURN_TYPE = YES_ERROR;
				GCC_WARN_UNDECLARED_SELECTOR = YES;
				GCC_WARN_UNINITIALIZED_AUTOS = YES_AGGRESSIVE;
				GCC_WARN_UNUSED_FUNCTION = YES;
				GCC_WARN_UNUSED_VARIABLE = YES;
				IPHONEOS_DEPLOYMENT_TARGET = 11.4;
				MTL_ENABLE_DEBUG_INFO = NO;
				SDKROOT = iphoneos;
				VALIDATE_PRODUCT = YES;
			};
			name = Release;
		};
		2C45DCB6213D7D9F0041BA68 /* Debug */ = {
			isa = XCBuildConfiguration;
			buildSettings = {
				ASSETCATALOG_COMPILER_APPICON_NAME = AppIcon;
				CODE_SIGN_STYLE = Automatic;
				DEVELOPMENT_TEAM = G583SJY324;
				INFOPLIST_FILE = MetalImage/Example/Info.plist;
				IPHONEOS_DEPLOYMENT_TARGET = 10.2;
				LD_RUNPATH_SEARCH_PATHS = (
					"$(inherited)",
					"@executable_path/Frameworks",
				);
				PRODUCT_BUNDLE_IDENTIFIER = com.Sylar.MetalImage;
				PRODUCT_NAME = "$(TARGET_NAME)";
				TARGETED_DEVICE_FAMILY = "1,2";
			};
			name = Debug;
		};
		2C45DCB7213D7D9F0041BA68 /* Release */ = {
			isa = XCBuildConfiguration;
			buildSettings = {
				ASSETCATALOG_COMPILER_APPICON_NAME = AppIcon;
				CODE_SIGN_STYLE = Automatic;
				DEVELOPMENT_TEAM = G583SJY324;
				INFOPLIST_FILE = MetalImage/Example/Info.plist;
				IPHONEOS_DEPLOYMENT_TARGET = 10.2;
				LD_RUNPATH_SEARCH_PATHS = (
					"$(inherited)",
					"@executable_path/Frameworks",
				);
				PRODUCT_BUNDLE_IDENTIFIER = com.Sylar.MetalImage;
				PRODUCT_NAME = "$(TARGET_NAME)";
				TARGETED_DEVICE_FAMILY = "1,2";
			};
			name = Release;
		};
/* End XCBuildConfiguration section */

/* Begin XCConfigurationList section */
		2C45DC9A213D7D9D0041BA68 /* Build configuration list for PBXProject "MetalImage" */ = {
			isa = XCConfigurationList;
			buildConfigurations = (
				2C45DCB3213D7D9F0041BA68 /* Debug */,
				2C45DCB4213D7D9F0041BA68 /* Release */,
			);
			defaultConfigurationIsVisible = 0;
			defaultConfigurationName = Release;
		};
		2C45DCB5213D7D9F0041BA68 /* Build configuration list for PBXNativeTarget "MetalImage" */ = {
			isa = XCConfigurationList;
			buildConfigurations = (
				2C45DCB6213D7D9F0041BA68 /* Debug */,
				2C45DCB7213D7D9F0041BA68 /* Release */,
			);
			defaultConfigurationIsVisible = 0;
			defaultConfigurationName = Release;
		};
/* End XCConfigurationList section */
	};
	rootObject = 2C45DC97213D7D9D0041BA68 /* Project object */;
}
