// !$*UTF8*$!
{
	archiveVersion = 1;
	classes = {
	};
	objectVersion = 48;
	objects = {

/* Begin PBXBuildFile section */
		2C1D17691F8F1B9900DA72B2 /* MetalImageFilter.m in Sources */ = {isa = PBXBuildFile; fileRef = 2C1D17681F8F1B9900DA72B2 /* MetalImageFilter.m */; };
		2C60C5C21F8F42DF006DD79C /* DefaultShader.metal in Sources */ = {isa = PBXBuildFile; fileRef = 2C60C5C11F8F42DF006DD79C /* DefaultShader.metal */; };
		2C60C5C71F8F4682006DD79C /* MetalVideoCaptor.m in Sources */ = {isa = PBXBuildFile; fileRef = 2C60C5C61F8F4682006DD79C /* MetalVideoCaptor.m */; };
		2C68C54B1F8F00550047806B /* MetalTexture.m in Sources */ = {isa = PBXBuildFile; fileRef = 2C68C54A1F8F00550047806B /* MetalTexture.m */; };
		2C68C54E1F8F00660047806B /* MetalContext.m in Sources */ = {isa = PBXBuildFile; fileRef = 2C68C54D1F8F00660047806B /* MetalContext.m */; };
		2C68C5511F8F00780047806B /* MetalProducer.m in Sources */ = {isa = PBXBuildFile; fileRef = 2C68C5501F8F00780047806B /* MetalProducer.m */; };
		2C68C5541F8F00880047806B /* MetalProgram.m in Sources */ = {isa = PBXBuildFile; fileRef = 2C68C5531F8F00880047806B /* MetalProgram.m */; };
		2C81E9211F8F54E80080FEDC /* MetalImageView.m in Sources */ = {isa = PBXBuildFile; fileRef = 2C81E9201F8F54E80080FEDC /* MetalImageView.m */; };
		2CCA288A1F9E313E001F629D /* MetalGaussianFilter.m in Sources */ = {isa = PBXBuildFile; fileRef = 2CCA28881F9E313E001F629D /* MetalGaussianFilter.m */; };
		2CCA288C1F9E315A001F629D /* MetalGaussianShader.metal in Sources */ = {isa = PBXBuildFile; fileRef = 2CCA288B1F9E315A001F629D /* MetalGaussianShader.metal */; };
		2CE2A1691F8E11280012A04C /* AppDelegate.m in Sources */ = {isa = PBXBuildFile; fileRef = 2CE2A1681F8E11280012A04C /* AppDelegate.m */; };
		2CE2A16C1F8E11280012A04C /* ViewController.m in Sources */ = {isa = PBXBuildFile; fileRef = 2CE2A16B1F8E11280012A04C /* ViewController.m */; };
		2CE2A16F1F8E11280012A04C /* Main.storyboard in Resources */ = {isa = PBXBuildFile; fileRef = 2CE2A16D1F8E11280012A04C /* Main.storyboard */; };
		2CE2A1711F8E11280012A04C /* Assets.xcassets in Resources */ = {isa = PBXBuildFile; fileRef = 2CE2A1701F8E11280012A04C /* Assets.xcassets */; };
		2CE2A1741F8E11280012A04C /* LaunchScreen.storyboard in Resources */ = {isa = PBXBuildFile; fileRef = 2CE2A1721F8E11280012A04C /* LaunchScreen.storyboard */; };
		2CE2A1771F8E11280012A04C /* main.m in Sources */ = {isa = PBXBuildFile; fileRef = 2CE2A1761F8E11280012A04C /* main.m */; };
/* End PBXBuildFile section */

/* Begin PBXFileReference section */
		2C0429DB1F975C2E004BB96B /* MetalImage.h */ = {isa = PBXFileReference; lastKnownFileType = sourcecode.c.h; path = MetalImage.h; sourceTree = "<group>"; };
		2C1D17671F8F1B9900DA72B2 /* MetalImageFilter.h */ = {isa = PBXFileReference; lastKnownFileType = sourcecode.c.h; path = MetalImageFilter.h; sourceTree = "<group>"; };
		2C1D17681F8F1B9900DA72B2 /* MetalImageFilter.m */ = {isa = PBXFileReference; lastKnownFileType = sourcecode.c.objc; path = MetalImageFilter.m; sourceTree = "<group>"; };
		2C60C5C11F8F42DF006DD79C /* DefaultShader.metal */ = {isa = PBXFileReference; lastKnownFileType = sourcecode.metal; path = DefaultShader.metal; sourceTree = "<group>"; };
		2C60C5C51F8F4682006DD79C /* MetalVideoCaptor.h */ = {isa = PBXFileReference; lastKnownFileType = sourcecode.c.h; path = MetalVideoCaptor.h; sourceTree = "<group>"; };
		2C60C5C61F8F4682006DD79C /* MetalVideoCaptor.m */ = {isa = PBXFileReference; lastKnownFileType = sourcecode.c.objc; path = MetalVideoCaptor.m; sourceTree = "<group>"; };
		2C68C5491F8F00550047806B /* MetalTexture.h */ = {isa = PBXFileReference; lastKnownFileType = sourcecode.c.h; path = MetalTexture.h; sourceTree = "<group>"; };
		2C68C54A1F8F00550047806B /* MetalTexture.m */ = {isa = PBXFileReference; lastKnownFileType = sourcecode.c.objc; path = MetalTexture.m; sourceTree = "<group>"; };
		2C68C54C1F8F00660047806B /* MetalContext.h */ = {isa = PBXFileReference; lastKnownFileType = sourcecode.c.h; path = MetalContext.h; sourceTree = "<group>"; };
		2C68C54D1F8F00660047806B /* MetalContext.m */ = {isa = PBXFileReference; lastKnownFileType = sourcecode.c.objc; path = MetalContext.m; sourceTree = "<group>"; };
		2C68C54F1F8F00780047806B /* MetalProducer.h */ = {isa = PBXFileReference; lastKnownFileType = sourcecode.c.h; path = MetalProducer.h; sourceTree = "<group>"; };
		2C68C5501F8F00780047806B /* MetalProducer.m */ = {isa = PBXFileReference; lastKnownFileType = sourcecode.c.objc; path = MetalProducer.m; sourceTree = "<group>"; };
		2C68C5521F8F00880047806B /* MetalProgram.h */ = {isa = PBXFileReference; lastKnownFileType = sourcecode.c.h; path = MetalProgram.h; sourceTree = "<group>"; };
		2C68C5531F8F00880047806B /* MetalProgram.m */ = {isa = PBXFileReference; lastKnownFileType = sourcecode.c.objc; path = MetalProgram.m; sourceTree = "<group>"; };
		2C68C5551F8F018B0047806B /* MetalImage.pch */ = {isa = PBXFileReference; lastKnownFileType = sourcecode.c.h; path = MetalImage.pch; sourceTree = "<group>"; };
		2C81E91F1F8F54E80080FEDC /* MetalImageView.h */ = {isa = PBXFileReference; lastKnownFileType = sourcecode.c.h; path = MetalImageView.h; sourceTree = "<group>"; };
		2C81E9201F8F54E80080FEDC /* MetalImageView.m */ = {isa = PBXFileReference; lastKnownFileType = sourcecode.c.objc; path = MetalImageView.m; sourceTree = "<group>"; };
		2CCA28881F9E313E001F629D /* MetalGaussianFilter.m */ = {isa = PBXFileReference; lastKnownFileType = sourcecode.c.objc; path = MetalGaussianFilter.m; sourceTree = "<group>"; };
		2CCA28891F9E313E001F629D /* MetalGaussianFilter.h */ = {isa = PBXFileReference; lastKnownFileType = sourcecode.c.h; path = MetalGaussianFilter.h; sourceTree = "<group>"; };
		2CCA288B1F9E315A001F629D /* MetalGaussianShader.metal */ = {isa = PBXFileReference; fileEncoding = 4; lastKnownFileType = sourcecode.metal; path = MetalGaussianShader.metal; sourceTree = "<group>"; };
		2CE2A1641F8E11280012A04C /* Metal.app */ = {isa = PBXFileReference; explicitFileType = wrapper.application; includeInIndex = 0; path = Metal.app; sourceTree = BUILT_PRODUCTS_DIR; };
		2CE2A1671F8E11280012A04C /* AppDelegate.h */ = {isa = PBXFileReference; lastKnownFileType = sourcecode.c.h; path = AppDelegate.h; sourceTree = "<group>"; };
		2CE2A1681F8E11280012A04C /* AppDelegate.m */ = {isa = PBXFileReference; lastKnownFileType = sourcecode.c.objc; path = AppDelegate.m; sourceTree = "<group>"; };
		2CE2A16A1F8E11280012A04C /* ViewController.h */ = {isa = PBXFileReference; lastKnownFileType = sourcecode.c.h; path = ViewController.h; sourceTree = "<group>"; };
		2CE2A16B1F8E11280012A04C /* ViewController.m */ = {isa = PBXFileReference; lastKnownFileType = sourcecode.c.objc; path = ViewController.m; sourceTree = "<group>"; };
		2CE2A16E1F8E11280012A04C /* Base */ = {isa = PBXFileReference; lastKnownFileType = file.storyboard; name = Base; path = Base.lproj/Main.storyboard; sourceTree = "<group>"; };
		2CE2A1701F8E11280012A04C /* Assets.xcassets */ = {isa = PBXFileReference; lastKnownFileType = folder.assetcatalog; path = Assets.xcassets; sourceTree = "<group>"; };
		2CE2A1731F8E11280012A04C /* Base */ = {isa = PBXFileReference; lastKnownFileType = file.storyboard; name = Base; path = Base.lproj/LaunchScreen.storyboard; sourceTree = "<group>"; };
		2CE2A1751F8E11280012A04C /* Info.plist */ = {isa = PBXFileReference; lastKnownFileType = text.plist.xml; path = Info.plist; sourceTree = "<group>"; };
		2CE2A1761F8E11280012A04C /* main.m */ = {isa = PBXFileReference; lastKnownFileType = sourcecode.c.objc; path = main.m; sourceTree = "<group>"; };
		2CE2A17F1F8E153B0012A04C /* MetalConsumer.h */ = {isa = PBXFileReference; lastKnownFileType = sourcecode.c.h; path = MetalConsumer.h; sourceTree = "<group>"; };
/* End PBXFileReference section */

/* Begin PBXFrameworksBuildPhase section */
		2CE2A1611F8E11280012A04C /* Frameworks */ = {
			isa = PBXFrameworksBuildPhase;
			buildActionMask = 2147483647;
			files = (
			);
			runOnlyForDeploymentPostprocessing = 0;
		};
/* End PBXFrameworksBuildPhase section */

/* Begin PBXGroup section */
		2C1D17661F8F1B8400DA72B2 /* Filters */ = {
			isa = PBXGroup;
			children = (
				2CA374661F9DF31F001FF793 /* Effect */,
				2C1D17671F8F1B9900DA72B2 /* MetalImageFilter.h */,
				2C1D17681F8F1B9900DA72B2 /* MetalImageFilter.m */,
			);
			path = Filters;
			sourceTree = "<group>";
		};
		2C60C5C31F8F4632006DD79C /* Producers */ = {
			isa = PBXGroup;
			children = (
				2C60C5C51F8F4682006DD79C /* MetalVideoCaptor.h */,
				2C60C5C61F8F4682006DD79C /* MetalVideoCaptor.m */,
			);
			path = Producers;
			sourceTree = "<group>";
		};
		2C60C5C41F8F4643006DD79C /* Consumers */ = {
			isa = PBXGroup;
			children = (
				2C81E91F1F8F54E80080FEDC /* MetalImageView.h */,
				2C81E9201F8F54E80080FEDC /* MetalImageView.m */,
			);
			path = Consumers;
			sourceTree = "<group>";
		};
		2C68C5571F8F0E2B0047806B /* Base Classes */ = {
			isa = PBXGroup;
			children = (
				2CE2A17F1F8E153B0012A04C /* MetalConsumer.h */,
				2C68C54C1F8F00660047806B /* MetalContext.h */,
				2C68C54D1F8F00660047806B /* MetalContext.m */,
				2C68C5491F8F00550047806B /* MetalTexture.h */,
				2C68C54A1F8F00550047806B /* MetalTexture.m */,
				2C68C54F1F8F00780047806B /* MetalProducer.h */,
				2C68C5501F8F00780047806B /* MetalProducer.m */,
				2C68C5521F8F00880047806B /* MetalProgram.h */,
				2C68C5531F8F00880047806B /* MetalProgram.m */,
			);
			path = "Base Classes";
			sourceTree = "<group>";
		};
		2C68C5591F8F0E580047806B /* Shaders */ = {
			isa = PBXGroup;
			children = (
				2CCA288B1F9E315A001F629D /* MetalGaussianShader.metal */,
				2C60C5C11F8F42DF006DD79C /* DefaultShader.metal */,
			);
			path = Shaders;
			sourceTree = "<group>";
		};
		2CA374661F9DF31F001FF793 /* Effect */ = {
			isa = PBXGroup;
			children = (
				2CCA28891F9E313E001F629D /* MetalGaussianFilter.h */,
				2CCA28881F9E313E001F629D /* MetalGaussianFilter.m */,
			);
			path = Effect;
			sourceTree = "<group>";
		};
		2CE2A15B1F8E11280012A04C = {
			isa = PBXGroup;
			children = (
				2CE2A1661F8E11280012A04C /* Metal */,
				2CE2A1651F8E11280012A04C /* Products */,
			);
			sourceTree = "<group>";
		};
		2CE2A1651F8E11280012A04C /* Products */ = {
			isa = PBXGroup;
			children = (
				2CE2A1641F8E11280012A04C /* Metal.app */,
			);
			name = Products;
			sourceTree = "<group>";
		};
		2CE2A1661F8E11280012A04C /* Metal */ = {
			isa = PBXGroup;
			children = (
				2CE2A17D1F8E11390012A04C /* MetalLibrary */,
				2CE2A1671F8E11280012A04C /* AppDelegate.h */,
				2CE2A1681F8E11280012A04C /* AppDelegate.m */,
				2CE2A16A1F8E11280012A04C /* ViewController.h */,
				2CE2A16B1F8E11280012A04C /* ViewController.m */,
				2CE2A16D1F8E11280012A04C /* Main.storyboard */,
				2CE2A1701F8E11280012A04C /* Assets.xcassets */,
				2CE2A1721F8E11280012A04C /* LaunchScreen.storyboard */,
				2CE2A1751F8E11280012A04C /* Info.plist */,
				2CE2A1761F8E11280012A04C /* main.m */,
			);
			path = Metal;
			sourceTree = "<group>";
		};
		2CE2A17D1F8E11390012A04C /* MetalLibrary */ = {
			isa = PBXGroup;
			children = (
				2C0429DB1F975C2E004BB96B /* MetalImage.h */,
				2C68C5551F8F018B0047806B /* MetalImage.pch */,
				2C68C5571F8F0E2B0047806B /* Base Classes */,
				2C1D17661F8F1B8400DA72B2 /* Filters */,
				2C60C5C31F8F4632006DD79C /* Producers */,
				2C60C5C41F8F4643006DD79C /* Consumers */,
				2C68C5591F8F0E580047806B /* Shaders */,
			);
			path = MetalLibrary;
			sourceTree = "<group>";
		};
/* End PBXGroup section */

/* Begin PBXNativeTarget section */
		2CE2A1631F8E11280012A04C /* Metal */ = {
			isa = PBXNativeTarget;
			buildConfigurationList = 2CE2A17A1F8E11280012A04C /* Build configuration list for PBXNativeTarget "Metal" */;
			buildPhases = (
				2CE2A1601F8E11280012A04C /* Sources */,
				2CE2A1611F8E11280012A04C /* Frameworks */,
				2CE2A1621F8E11280012A04C /* Resources */,
			);
			buildRules = (
			);
			dependencies = (
			);
			name = Metal;
			productName = Metal;
			productReference = 2CE2A1641F8E11280012A04C /* Metal.app */;
			productType = "com.apple.product-type.application";
		};
/* End PBXNativeTarget section */

/* Begin PBXProject section */
		2CE2A15C1F8E11280012A04C /* Project object */ = {
			isa = PBXProject;
			attributes = {
				LastUpgradeCheck = 0900;
				ORGANIZATIONNAME = Sylar;
				TargetAttributes = {
					2CE2A1631F8E11280012A04C = {
						CreatedOnToolsVersion = 9.0;
						ProvisioningStyle = Automatic;
					};
				};
			};
			buildConfigurationList = 2CE2A15F1F8E11280012A04C /* Build configuration list for PBXProject "Metal" */;
			compatibilityVersion = "Xcode 8.0";
			developmentRegion = en;
			hasScannedForEncodings = 0;
			knownRegions = (
				en,
				Base,
			);
			mainGroup = 2CE2A15B1F8E11280012A04C;
			productRefGroup = 2CE2A1651F8E11280012A04C /* Products */;
			projectDirPath = "";
			projectRoot = "";
			targets = (
				2CE2A1631F8E11280012A04C /* Metal */,
			);
		};
/* End PBXProject section */

/* Begin PBXResourcesBuildPhase section */
		2CE2A1621F8E11280012A04C /* Resources */ = {
			isa = PBXResourcesBuildPhase;
			buildActionMask = 2147483647;
			files = (
				2CE2A1741F8E11280012A04C /* LaunchScreen.storyboard in Resources */,
				2CE2A1711F8E11280012A04C /* Assets.xcassets in Resources */,
				2CE2A16F1F8E11280012A04C /* Main.storyboard in Resources */,
			);
			runOnlyForDeploymentPostprocessing = 0;
		};
/* End PBXResourcesBuildPhase section */

/* Begin PBXSourcesBuildPhase section */
		2CE2A1601F8E11280012A04C /* Sources */ = {
			isa = PBXSourcesBuildPhase;
			buildActionMask = 2147483647;
			files = (
				2C60C5C71F8F4682006DD79C /* MetalVideoCaptor.m in Sources */,
				2C81E9211F8F54E80080FEDC /* MetalImageView.m in Sources */,
				2CE2A16C1F8E11280012A04C /* ViewController.m in Sources */,
				2CCA288C1F9E315A001F629D /* MetalGaussianShader.metal in Sources */,
				2C68C54B1F8F00550047806B /* MetalTexture.m in Sources */,
				2C68C54E1F8F00660047806B /* MetalContext.m in Sources */,
				2C68C5541F8F00880047806B /* MetalProgram.m in Sources */,
				2CCA288A1F9E313E001F629D /* MetalGaussianFilter.m in Sources */,
				2C68C5511F8F00780047806B /* MetalProducer.m in Sources */,
				2C1D17691F8F1B9900DA72B2 /* MetalImageFilter.m in Sources */,
				2C60C5C21F8F42DF006DD79C /* DefaultShader.metal in Sources */,
				2CE2A1771F8E11280012A04C /* main.m in Sources */,
				2CE2A1691F8E11280012A04C /* AppDelegate.m in Sources */,
			);
			runOnlyForDeploymentPostprocessing = 0;
		};
/* End PBXSourcesBuildPhase section */

/* Begin PBXVariantGroup section */
		2CE2A16D1F8E11280012A04C /* Main.storyboard */ = {
			isa = PBXVariantGroup;
			children = (
				2CE2A16E1F8E11280012A04C /* Base */,
			);
			name = Main.storyboard;
			sourceTree = "<group>";
		};
		2CE2A1721F8E11280012A04C /* LaunchScreen.storyboard */ = {
			isa = PBXVariantGroup;
			children = (
				2CE2A1731F8E11280012A04C /* Base */,
			);
			name = LaunchScreen.storyboard;
			sourceTree = "<group>";
		};
/* End PBXVariantGroup section */

/* Begin XCBuildConfiguration section */
		2CE2A1781F8E11280012A04C /* Debug */ = {
			isa = XCBuildConfiguration;
			buildSettings = {
				ALWAYS_SEARCH_USER_PATHS = NO;
				CLANG_ANALYZER_NONNULL = YES;
				CLANG_ANALYZER_NUMBER_OBJECT_CONVERSION = YES_AGGRESSIVE;
				CLANG_CXX_LANGUAGE_STANDARD = "gnu++14";
				CLANG_CXX_LIBRARY = "libc++";
				CLANG_ENABLE_MODULES = YES;
				CLANG_ENABLE_OBJC_ARC = YES;
				CLANG_WARN_BLOCK_CAPTURE_AUTORELEASING = YES;
				CLANG_WARN_BOOL_CONVERSION = YES;
				CLANG_WARN_COMMA = YES;
				CLANG_WARN_CONSTANT_CONVERSION = YES;
				CLANG_WARN_DIRECT_OBJC_ISA_USAGE = YES_ERROR;
				CLANG_WARN_DOCUMENTATION_COMMENTS = YES;
				CLANG_WARN_EMPTY_BODY = YES;
				CLANG_WARN_ENUM_CONVERSION = YES;
				CLANG_WARN_INFINITE_RECURSION = YES;
				CLANG_WARN_INT_CONVERSION = YES;
				CLANG_WARN_NON_LITERAL_NULL_CONVERSION = YES;
				CLANG_WARN_OBJC_LITERAL_CONVERSION = YES;
				CLANG_WARN_OBJC_ROOT_CLASS = YES_ERROR;
				CLANG_WARN_RANGE_LOOP_ANALYSIS = YES;
				CLANG_WARN_STRICT_PROTOTYPES = YES;
				CLANG_WARN_SUSPICIOUS_MOVE = YES;
				CLANG_WARN_UNGUARDED_AVAILABILITY = YES_AGGRESSIVE;
				CLANG_WARN_UNREACHABLE_CODE = YES;
				CLANG_WARN__DUPLICATE_METHOD_MATCH = YES;
				CODE_SIGN_IDENTITY = "iPhone Developer";
				COPY_PHASE_STRIP = NO;
				DEBUG_INFORMATION_FORMAT = dwarf;
				ENABLE_STRICT_OBJC_MSGSEND = YES;
				ENABLE_TESTABILITY = YES;
				GCC_C_LANGUAGE_STANDARD = gnu11;
				GCC_DYNAMIC_NO_PIC = NO;
				GCC_NO_COMMON_BLOCKS = YES;
				GCC_OPTIMIZATION_LEVEL = 0;
				GCC_PREPROCESSOR_DEFINITIONS = (
					"DEBUG=1",
					"$(inherited)",
				);
				GCC_WARN_64_TO_32_BIT_CONVERSION = YES;
				GCC_WARN_ABOUT_RETURN_TYPE = YES_ERROR;
				GCC_WARN_UNDECLARED_SELECTOR = YES;
				GCC_WARN_UNINITIALIZED_AUTOS = YES_AGGRESSIVE;
				GCC_WARN_UNUSED_FUNCTION = YES;
				GCC_WARN_UNUSED_VARIABLE = YES;
				IPHONEOS_DEPLOYMENT_TARGET = 9.0;
				MTL_ENABLE_DEBUG_INFO = YES;
				ONLY_ACTIVE_ARCH = YES;
				SDKROOT = iphoneos;
			};
			name = Debug;
		};
		2CE2A1791F8E11280012A04C /* Release */ = {
			isa = XCBuildConfiguration;
			buildSettings = {
				ALWAYS_SEARCH_USER_PATHS = NO;
				CLANG_ANALYZER_NONNULL = YES;
				CLANG_ANALYZER_NUMBER_OBJECT_CONVERSION = YES_AGGRESSIVE;
				CLANG_CXX_LANGUAGE_STANDARD = "gnu++14";
				CLANG_CXX_LIBRARY = "libc++";
				CLANG_ENABLE_MODULES = YES;
				CLANG_ENABLE_OBJC_ARC = YES;
				CLANG_WARN_BLOCK_CAPTURE_AUTORELEASING = YES;
				CLANG_WARN_BOOL_CONVERSION = YES;
				CLANG_WARN_COMMA = YES;
				CLANG_WARN_CONSTANT_CONVERSION = YES;
				CLANG_WARN_DIRECT_OBJC_ISA_USAGE = YES_ERROR;
				CLANG_WARN_DOCUMENTATION_COMMENTS = YES;
				CLANG_WARN_EMPTY_BODY = YES;
				CLANG_WARN_ENUM_CONVERSION = YES;
				CLANG_WARN_INFINITE_RECURSION = YES;
				CLANG_WARN_INT_CONVERSION = YES;
				CLANG_WARN_NON_LITERAL_NULL_CONVERSION = YES;
				CLANG_WARN_OBJC_LITERAL_CONVERSION = YES;
				CLANG_WARN_OBJC_ROOT_CLASS = YES_ERROR;
				CLANG_WARN_RANGE_LOOP_ANALYSIS = YES;
				CLANG_WARN_STRICT_PROTOTYPES = YES;
				CLANG_WARN_SUSPICIOUS_MOVE = YES;
				CLANG_WARN_UNGUARDED_AVAILABILITY = YES_AGGRESSIVE;
				CLANG_WARN_UNREACHABLE_CODE = YES;
				CLANG_WARN__DUPLICATE_METHOD_MATCH = YES;
				CODE_SIGN_IDENTITY = "iPhone Developer";
				COPY_PHASE_STRIP = NO;
				DEBUG_INFORMATION_FORMAT = "dwarf-with-dsym";
				ENABLE_NS_ASSERTIONS = NO;
				ENABLE_STRICT_OBJC_MSGSEND = YES;
				GCC_C_LANGUAGE_STANDARD = gnu11;
				GCC_NO_COMMON_BLOCKS = YES;
				GCC_WARN_64_TO_32_BIT_CONVERSION = YES;
				GCC_WARN_ABOUT_RETURN_TYPE = YES_ERROR;
				GCC_WARN_UNDECLARED_SELECTOR = YES;
				GCC_WARN_UNINITIALIZED_AUTOS = YES_AGGRESSIVE;
				GCC_WARN_UNUSED_FUNCTION = YES;
				GCC_WARN_UNUSED_VARIABLE = YES;
				IPHONEOS_DEPLOYMENT_TARGET = 9.0;
				MTL_ENABLE_DEBUG_INFO = NO;
				SDKROOT = iphoneos;
				VALIDATE_PRODUCT = YES;
			};
			name = Release;
		};
		2CE2A17B1F8E11280012A04C /* Debug */ = {
			isa = XCBuildConfiguration;
			buildSettings = {
				ASSETCATALOG_COMPILER_APPICON_NAME = AppIcon;
				CODE_SIGN_STYLE = Automatic;
				DEVELOPMENT_TEAM = G583SJY324;
				GCC_PREFIX_HEADER = "$(SRCROOT)/Metal/MetalLibrary/MetalImage.pch";
				INFOPLIST_FILE = Metal/Info.plist;
				LD_RUNPATH_SEARCH_PATHS = "$(inherited) @executable_path/Frameworks";
				PRODUCT_BUNDLE_IDENTIFIER = com.Sylar.Metal;
				PRODUCT_NAME = "$(TARGET_NAME)";
				TARGETED_DEVICE_FAMILY = "1,2";
			};
			name = Debug;
		};
		2CE2A17C1F8E11280012A04C /* Release */ = {
			isa = XCBuildConfiguration;
			buildSettings = {
				ASSETCATALOG_COMPILER_APPICON_NAME = AppIcon;
				CODE_SIGN_STYLE = Automatic;
				DEVELOPMENT_TEAM = G583SJY324;
				GCC_PREFIX_HEADER = "$(SRCROOT)/Metal/MetalLibrary/MetalImage.pch";
				INFOPLIST_FILE = Metal/Info.plist;
				LD_RUNPATH_SEARCH_PATHS = "$(inherited) @executable_path/Frameworks";
				PRODUCT_BUNDLE_IDENTIFIER = com.Sylar.Metal;
				PRODUCT_NAME = "$(TARGET_NAME)";
				TARGETED_DEVICE_FAMILY = "1,2";
			};
			name = Release;
		};
/* End XCBuildConfiguration section */

/* Begin XCConfigurationList section */
		2CE2A15F1F8E11280012A04C /* Build configuration list for PBXProject "Metal" */ = {
			isa = XCConfigurationList;
			buildConfigurations = (
				2CE2A1781F8E11280012A04C /* Debug */,
				2CE2A1791F8E11280012A04C /* Release */,
			);
			defaultConfigurationIsVisible = 0;
			defaultConfigurationName = Release;
		};
		2CE2A17A1F8E11280012A04C /* Build configuration list for PBXNativeTarget "Metal" */ = {
			isa = XCConfigurationList;
			buildConfigurations = (
				2CE2A17B1F8E11280012A04C /* Debug */,
				2CE2A17C1F8E11280012A04C /* Release */,
			);
			defaultConfigurationIsVisible = 0;
			defaultConfigurationName = Release;
		};
/* End XCConfigurationList section */
	};
	rootObject = 2CE2A15C1F8E11280012A04C /* Project object */;
}
